
Microsoft Visual Studio Solution File, Format Version 12.00
# Visual Studio Version 17
VisualStudioVersion = 17.3.32929.385
MinimumVisualStudioVersion = 10.0.40219.1
Project("{FAE04EC0-301F-11D3-BF4B-00C04F79EFBC}") = "YetAnotherNoteSaver", "YetAnotherNoteSaver.csproj", "{02397F1E-EE11-463B-9005-6B13B4ABB788}"
EndProject
Global
	GlobalSection(SolutionConfigurationPlatforms) = preSolution
		Debug|Any CPU = Debug|Any CPU
		Release|Any CPU = Release|Any CPU
	EndGlobalSection
	GlobalSection(ProjectConfigurationPlatforms) = postSolution
		{02397F1E-EE11-463B-9005-6B13B4ABB788}.Debug|Any CPU.ActiveCfg = Debug|Any CPU
		{02397F1E-EE11-463B-9005-6B13B4ABB788}.Debug|Any CPU.Build.0 = Debug|Any CPU
		{02397F1E-EE11-463B-9005-6B13B4ABB788}.Release|Any CPU.ActiveCfg = Release|Any CPU
		{02397F1E-EE11-463B-9005-6B13B4ABB788}.Release|Any CPU.Build.0 = Release|Any CPU
	EndGlobalSection
	GlobalSection(SolutionProperties) = preSolution
		HideSolutionNode = FALSE
	EndGlobalSection
	GlobalSection(ExtensibilityGlobals) = postSolution
		SolutionGuid = {16C5293C-1DEA-4B3B-9388-A2BFE61635C4}
	EndGlobalSection
EndGlobal
